// !$*UTF8*$!
{
	archiveVersion = 1;
	classes = {
	};
	objectVersion = 51;
	objects = {

/* Begin PBXBuildFile section */
		0967C03383961AB990DF7464 /* Pods_MeLiApp.framework in Frameworks */ = {isa = PBXBuildFile; fileRef = EBBDA5E42498E889930ED63E /* Pods_MeLiApp.framework */; };
		7D16773423C14CD9006F665A /* AppDelegate.swift in Sources */ = {isa = PBXBuildFile; fileRef = 7D16773323C14CD9006F665A /* AppDelegate.swift */; };
		7D16773623C14CD9006F665A /* SearchViewController.swift in Sources */ = {isa = PBXBuildFile; fileRef = 7D16773523C14CD9006F665A /* SearchViewController.swift */; };
		7D16773923C14CD9006F665A /* Main.storyboard in Resources */ = {isa = PBXBuildFile; fileRef = 7D16773723C14CD9006F665A /* Main.storyboard */; };
		7D16773B23C14CDA006F665A /* Assets.xcassets in Resources */ = {isa = PBXBuildFile; fileRef = 7D16773A23C14CDA006F665A /* Assets.xcassets */; };
		7D16773E23C14CDA006F665A /* LaunchScreen.storyboard in Resources */ = {isa = PBXBuildFile; fileRef = 7D16773C23C14CDA006F665A /* LaunchScreen.storyboard */; };
		7D16774A23C152A9006F665A /* NetworkManager.swift in Sources */ = {isa = PBXBuildFile; fileRef = 7D16774923C152A9006F665A /* NetworkManager.swift */; };
		7D5BD8EA23CBC9FE0047AEE9 /* MeLiAppTests.swift in Sources */ = {isa = PBXBuildFile; fileRef = 7D5BD8E923CBC9FE0047AEE9 /* MeLiAppTests.swift */; };
		7D5BD8F223CBCC880047AEE9 /* ResponseById.json in Resources */ = {isa = PBXBuildFile; fileRef = 7D5BD8F123CBCC880047AEE9 /* ResponseById.json */; };
		7D5BD8F623CBD72B0047AEE9 /* ViewModelProtocols.swift in Sources */ = {isa = PBXBuildFile; fileRef = 7D5BD8F523CBD72B0047AEE9 /* ViewModelProtocols.swift */; };
		7D5BD8F823CBD9710047AEE9 /* MockNetworkRequest.swift in Sources */ = {isa = PBXBuildFile; fileRef = 7D5BD8F723CBD9710047AEE9 /* MockNetworkRequest.swift */; };
		7D68BA2F23C7F89F001D97E9 /* DetailViewModel.swift in Sources */ = {isa = PBXBuildFile; fileRef = 7D68BA2E23C7F89F001D97E9 /* DetailViewModel.swift */; };
		7D68BA3123C7F94C001D97E9 /* DetailModel.swift in Sources */ = {isa = PBXBuildFile; fileRef = 7D68BA3023C7F94C001D97E9 /* DetailModel.swift */; };
		7D74A61523C40B9A0079C37A /* DetailViewController.swift in Sources */ = {isa = PBXBuildFile; fileRef = 7D74A61423C40B9A0079C37A /* DetailViewController.swift */; };
		7D8E4EA923CA3E1800E0BD57 /* DetailCollectionViewCell.swift in Sources */ = {isa = PBXBuildFile; fileRef = 7D8E4EA823CA3E1800E0BD57 /* DetailCollectionViewCell.swift */; };
		7D8E4EAB23CA7D9300E0BD57 /* DescriptionModel.swift in Sources */ = {isa = PBXBuildFile; fileRef = 7D8E4EAA23CA7D9300E0BD57 /* DescriptionModel.swift */; };
		7D9F071523C22CF500DFDF56 /* ResultsViewController.swift in Sources */ = {isa = PBXBuildFile; fileRef = 7D9F071423C22CF500DFDF56 /* ResultsViewController.swift */; };
		7D9F071723C22E7C00DFDF56 /* ResultViewModel.swift in Sources */ = {isa = PBXBuildFile; fileRef = 7D9F071623C22E7C00DFDF56 /* ResultViewModel.swift */; };
		7D9F071923C2319E00DFDF56 /* ItemModel.swift in Sources */ = {isa = PBXBuildFile; fileRef = 7D9F071823C2319E00DFDF56 /* ItemModel.swift */; };
		7D9F071B23C2454D00DFDF56 /* ResultTableViewCell.swift in Sources */ = {isa = PBXBuildFile; fileRef = 7D9F071A23C2454D00DFDF56 /* ResultTableViewCell.swift */; };
/* End PBXBuildFile section */

/* Begin PBXContainerItemProxy section */
		7D5BD8EC23CBC9FE0047AEE9 /* PBXContainerItemProxy */ = {
			isa = PBXContainerItemProxy;
			containerPortal = 7D16772823C14CD9006F665A /* Project object */;
			proxyType = 1;
			remoteGlobalIDString = 7D16772F23C14CD9006F665A;
			remoteInfo = MeLiApp;
		};
/* End PBXContainerItemProxy section */

/* Begin PBXFileReference section */
		7D16773023C14CD9006F665A /* MeLiApp.app */ = {isa = PBXFileReference; explicitFileType = wrapper.application; includeInIndex = 0; path = MeLiApp.app; sourceTree = BUILT_PRODUCTS_DIR; };
		7D16773323C14CD9006F665A /* AppDelegate.swift */ = {isa = PBXFileReference; lastKnownFileType = sourcecode.swift; path = AppDelegate.swift; sourceTree = "<group>"; };
		7D16773523C14CD9006F665A /* SearchViewController.swift */ = {isa = PBXFileReference; lastKnownFileType = sourcecode.swift; path = SearchViewController.swift; sourceTree = "<group>"; };
		7D16773823C14CD9006F665A /* Base */ = {isa = PBXFileReference; lastKnownFileType = file.storyboard; name = Base; path = Base.lproj/Main.storyboard; sourceTree = "<group>"; };
		7D16773A23C14CDA006F665A /* Assets.xcassets */ = {isa = PBXFileReference; lastKnownFileType = folder.assetcatalog; path = Assets.xcassets; sourceTree = "<group>"; };
		7D16773D23C14CDA006F665A /* Base */ = {isa = PBXFileReference; lastKnownFileType = file.storyboard; name = Base; path = Base.lproj/LaunchScreen.storyboard; sourceTree = "<group>"; };
		7D16773F23C14CDA006F665A /* Info.plist */ = {isa = PBXFileReference; lastKnownFileType = text.plist.xml; path = Info.plist; sourceTree = "<group>"; };
		7D16774923C152A9006F665A /* NetworkManager.swift */ = {isa = PBXFileReference; lastKnownFileType = sourcecode.swift; path = NetworkManager.swift; sourceTree = "<group>"; };
		7D5BD8E723CBC9FE0047AEE9 /* MeLiAppTests.xctest */ = {isa = PBXFileReference; explicitFileType = wrapper.cfbundle; includeInIndex = 0; path = MeLiAppTests.xctest; sourceTree = BUILT_PRODUCTS_DIR; };
		7D5BD8E923CBC9FE0047AEE9 /* MeLiAppTests.swift */ = {isa = PBXFileReference; lastKnownFileType = sourcecode.swift; path = MeLiAppTests.swift; sourceTree = "<group>"; };
		7D5BD8EB23CBC9FE0047AEE9 /* Info.plist */ = {isa = PBXFileReference; lastKnownFileType = text.plist.xml; path = Info.plist; sourceTree = "<group>"; };
		7D5BD8F123CBCC880047AEE9 /* ResponseById.json */ = {isa = PBXFileReference; fileEncoding = 4; lastKnownFileType = text.json; path = ResponseById.json; sourceTree = "<group>"; };
		7D5BD8F523CBD72B0047AEE9 /* ViewModelProtocols.swift */ = {isa = PBXFileReference; lastKnownFileType = sourcecode.swift; path = ViewModelProtocols.swift; sourceTree = "<group>"; };
		7D5BD8F723CBD9710047AEE9 /* MockNetworkRequest.swift */ = {isa = PBXFileReference; lastKnownFileType = sourcecode.swift; path = MockNetworkRequest.swift; sourceTree = "<group>"; };
		7D68BA2E23C7F89F001D97E9 /* DetailViewModel.swift */ = {isa = PBXFileReference; lastKnownFileType = sourcecode.swift; path = DetailViewModel.swift; sourceTree = "<group>"; };
		7D68BA3023C7F94C001D97E9 /* DetailModel.swift */ = {isa = PBXFileReference; lastKnownFileType = sourcecode.swift; path = DetailModel.swift; sourceTree = "<group>"; };
		7D74A61423C40B9A0079C37A /* DetailViewController.swift */ = {isa = PBXFileReference; lastKnownFileType = sourcecode.swift; path = DetailViewController.swift; sourceTree = "<group>"; };
		7D8E4EA823CA3E1800E0BD57 /* DetailCollectionViewCell.swift */ = {isa = PBXFileReference; lastKnownFileType = sourcecode.swift; path = DetailCollectionViewCell.swift; sourceTree = "<group>"; };
		7D8E4EAA23CA7D9300E0BD57 /* DescriptionModel.swift */ = {isa = PBXFileReference; lastKnownFileType = sourcecode.swift; path = DescriptionModel.swift; sourceTree = "<group>"; };
		7D9F071423C22CF500DFDF56 /* ResultsViewController.swift */ = {isa = PBXFileReference; lastKnownFileType = sourcecode.swift; path = ResultsViewController.swift; sourceTree = "<group>"; };
		7D9F071623C22E7C00DFDF56 /* ResultViewModel.swift */ = {isa = PBXFileReference; lastKnownFileType = sourcecode.swift; path = ResultViewModel.swift; sourceTree = "<group>"; };
		7D9F071823C2319E00DFDF56 /* ItemModel.swift */ = {isa = PBXFileReference; lastKnownFileType = sourcecode.swift; path = ItemModel.swift; sourceTree = "<group>"; };
		7D9F071A23C2454D00DFDF56 /* ResultTableViewCell.swift */ = {isa = PBXFileReference; lastKnownFileType = sourcecode.swift; path = ResultTableViewCell.swift; sourceTree = "<group>"; };
		9CF140F86C6B92B8CEA0F60F /* Pods-MeLiApp.release.xcconfig */ = {isa = PBXFileReference; includeInIndex = 1; lastKnownFileType = text.xcconfig; name = "Pods-MeLiApp.release.xcconfig"; path = "Target Support Files/Pods-MeLiApp/Pods-MeLiApp.release.xcconfig"; sourceTree = "<group>"; };
		B0C8D11EB15244459A74E511 /* Pods-MeLiApp.debug.xcconfig */ = {isa = PBXFileReference; includeInIndex = 1; lastKnownFileType = text.xcconfig; name = "Pods-MeLiApp.debug.xcconfig"; path = "Target Support Files/Pods-MeLiApp/Pods-MeLiApp.debug.xcconfig"; sourceTree = "<group>"; };
		EBBDA5E42498E889930ED63E /* Pods_MeLiApp.framework */ = {isa = PBXFileReference; explicitFileType = wrapper.framework; includeInIndex = 0; path = Pods_MeLiApp.framework; sourceTree = BUILT_PRODUCTS_DIR; };
/* End PBXFileReference section */

/* Begin PBXFrameworksBuildPhase section */
		7D16772D23C14CD9006F665A /* Frameworks */ = {
			isa = PBXFrameworksBuildPhase;
			buildActionMask = 2147483647;
			files = (
				0967C03383961AB990DF7464 /* Pods_MeLiApp.framework in Frameworks */,
			);
			runOnlyForDeploymentPostprocessing = 0;
		};
		7D5BD8E423CBC9FE0047AEE9 /* Frameworks */ = {
			isa = PBXFrameworksBuildPhase;
			buildActionMask = 2147483647;
			files = (
			);
			runOnlyForDeploymentPostprocessing = 0;
		};
/* End PBXFrameworksBuildPhase section */

/* Begin PBXGroup section */
		28868E0E72B6F76DE617CD95 /* Frameworks */ = {
			isa = PBXGroup;
			children = (
				EBBDA5E42498E889930ED63E /* Pods_MeLiApp.framework */,
			);
			name = Frameworks;
			sourceTree = "<group>";
		};
		70422624BBB76F4E2570B773 /* Pods */ = {
			isa = PBXGroup;
			children = (
				B0C8D11EB15244459A74E511 /* Pods-MeLiApp.debug.xcconfig */,
				9CF140F86C6B92B8CEA0F60F /* Pods-MeLiApp.release.xcconfig */,
			);
			path = Pods;
			sourceTree = "<group>";
		};
		7D16772723C14CD9006F665A = {
			isa = PBXGroup;
			children = (
				7D16773223C14CD9006F665A /* MeLiApp */,
				7D5BD8E823CBC9FE0047AEE9 /* MeLiAppTests */,
				7D16773123C14CD9006F665A /* Products */,
				70422624BBB76F4E2570B773 /* Pods */,
				28868E0E72B6F76DE617CD95 /* Frameworks */,
			);
			sourceTree = "<group>";
		};
		7D16773123C14CD9006F665A /* Products */ = {
			isa = PBXGroup;
			children = (
				7D16773023C14CD9006F665A /* MeLiApp.app */,
				7D5BD8E723CBC9FE0047AEE9 /* MeLiAppTests.xctest */,
			);
			name = Products;
			sourceTree = "<group>";
		};
		7D16773223C14CD9006F665A /* MeLiApp */ = {
			isa = PBXGroup;
			children = (
				7D5BD8F423CBD7140047AEE9 /* Protocols */,
				7D16774823C1522F006F665A /* NetworkManager */,
				7D16774523C151E4006F665A /* Model */,
				7D16774723C15220006F665A /* View */,
				7D16774623C1520A006F665A /* ViewModel */,
				7D16773323C14CD9006F665A /* AppDelegate.swift */,
				7D16773A23C14CDA006F665A /* Assets.xcassets */,
				7D16773C23C14CDA006F665A /* LaunchScreen.storyboard */,
				7D16773F23C14CDA006F665A /* Info.plist */,
			);
			path = MeLiApp;
			sourceTree = "<group>";
		};
		7D16774523C151E4006F665A /* Model */ = {
			isa = PBXGroup;
			children = (
				7D9F071823C2319E00DFDF56 /* ItemModel.swift */,
				7D68BA3023C7F94C001D97E9 /* DetailModel.swift */,
				7D8E4EAA23CA7D9300E0BD57 /* DescriptionModel.swift */,
			);
			path = Model;
			sourceTree = "<group>";
		};
		7D16774623C1520A006F665A /* ViewModel */ = {
			isa = PBXGroup;
			children = (
				7D9F071623C22E7C00DFDF56 /* ResultViewModel.swift */,
				7D68BA2E23C7F89F001D97E9 /* DetailViewModel.swift */,
			);
			path = ViewModel;
			sourceTree = "<group>";
		};
		7D16774723C15220006F665A /* View */ = {
			isa = PBXGroup;
			children = (
				7D16773523C14CD9006F665A /* SearchViewController.swift */,
				7D9F071423C22CF500DFDF56 /* ResultsViewController.swift */,
				7D9F071A23C2454D00DFDF56 /* ResultTableViewCell.swift */,
				7D74A61423C40B9A0079C37A /* DetailViewController.swift */,
				7D16773723C14CD9006F665A /* Main.storyboard */,
				7D8E4EA823CA3E1800E0BD57 /* DetailCollectionViewCell.swift */,
			);
			path = View;
			sourceTree = "<group>";
		};
		7D16774823C1522F006F665A /* NetworkManager */ = {
			isa = PBXGroup;
			children = (
				7D16774923C152A9006F665A /* NetworkManager.swift */,
			);
			path = NetworkManager;
			sourceTree = "<group>";
		};
		7D5BD8E823CBC9FE0047AEE9 /* MeLiAppTests */ = {
			isa = PBXGroup;
			children = (
				7D5BD8F323CBD6970047AEE9 /* Mocks */,
				7D5BD8F123CBCC880047AEE9 /* ResponseById.json */,
				7D5BD8E923CBC9FE0047AEE9 /* MeLiAppTests.swift */,
				7D5BD8EB23CBC9FE0047AEE9 /* Info.plist */,
			);
			path = MeLiAppTests;
			sourceTree = "<group>";
		};
		7D5BD8F323CBD6970047AEE9 /* Mocks */ = {
			isa = PBXGroup;
			children = (
				7D5BD8F723CBD9710047AEE9 /* MockNetworkRequest.swift */,
			);
			path = Mocks;
			sourceTree = "<group>";
		};
		7D5BD8F423CBD7140047AEE9 /* Protocols */ = {
			isa = PBXGroup;
			children = (
				7D5BD8F523CBD72B0047AEE9 /* ViewModelProtocols.swift */,
			);
			path = Protocols;
			sourceTree = "<group>";
		};
/* End PBXGroup section */

/* Begin PBXNativeTarget section */
		7D16772F23C14CD9006F665A /* MeLiApp */ = {
			isa = PBXNativeTarget;
			buildConfigurationList = 7D16774223C14CDA006F665A /* Build configuration list for PBXNativeTarget "MeLiApp" */;
			buildPhases = (
				AD148AD568967F0901D68B66 /* [CP] Check Pods Manifest.lock */,
				7D16772C23C14CD9006F665A /* Sources */,
				7D16772D23C14CD9006F665A /* Frameworks */,
				7D16772E23C14CD9006F665A /* Resources */,
				5AD3D333BC64F14D65D4A5FA /* [CP] Embed Pods Frameworks */,
			);
			buildRules = (
			);
			dependencies = (
			);
			name = MeLiApp;
			productName = MeLiApp;
			productReference = 7D16773023C14CD9006F665A /* MeLiApp.app */;
			productType = "com.apple.product-type.application";
		};
		7D5BD8E623CBC9FE0047AEE9 /* MeLiAppTests */ = {
			isa = PBXNativeTarget;
			buildConfigurationList = 7D5BD8F023CBC9FE0047AEE9 /* Build configuration list for PBXNativeTarget "MeLiAppTests" */;
			buildPhases = (
				7D5BD8E323CBC9FE0047AEE9 /* Sources */,
				7D5BD8E423CBC9FE0047AEE9 /* Frameworks */,
				7D5BD8E523CBC9FE0047AEE9 /* Resources */,
			);
			buildRules = (
			);
			dependencies = (
				7D5BD8ED23CBC9FE0047AEE9 /* PBXTargetDependency */,
			);
			name = MeLiAppTests;
			productName = MeLiAppTests;
			productReference = 7D5BD8E723CBC9FE0047AEE9 /* MeLiAppTests.xctest */;
			productType = "com.apple.product-type.bundle.unit-test";
		};
/* End PBXNativeTarget section */

/* Begin PBXProject section */
		7D16772823C14CD9006F665A /* Project object */ = {
			isa = PBXProject;
			attributes = {
				LastSwiftUpdateCheck = 1020;
				LastUpgradeCheck = 1020;
				ORGANIZATIONNAME = "Mauro Worobiej";
				TargetAttributes = {
					7D16772F23C14CD9006F665A = {
						CreatedOnToolsVersion = 10.2;
					};
					7D5BD8E623CBC9FE0047AEE9 = {
						CreatedOnToolsVersion = 10.2;
						TestTargetID = 7D16772F23C14CD9006F665A;
					};
				};
			};
			buildConfigurationList = 7D16772B23C14CD9006F665A /* Build configuration list for PBXProject "MeLiApp" */;
			compatibilityVersion = "Xcode 9.3";
			developmentRegion = en;
			hasScannedForEncodings = 0;
			knownRegions = (
				en,
				Base,
			);
			mainGroup = 7D16772723C14CD9006F665A;
			productRefGroup = 7D16773123C14CD9006F665A /* Products */;
			projectDirPath = "";
			projectRoot = "";
			targets = (
				7D16772F23C14CD9006F665A /* MeLiApp */,
				7D5BD8E623CBC9FE0047AEE9 /* MeLiAppTests */,
			);
		};
/* End PBXProject section */

/* Begin PBXResourcesBuildPhase section */
		7D16772E23C14CD9006F665A /* Resources */ = {
			isa = PBXResourcesBuildPhase;
			buildActionMask = 2147483647;
			files = (
				7D16773E23C14CDA006F665A /* LaunchScreen.storyboard in Resources */,
				7D16773B23C14CDA006F665A /* Assets.xcassets in Resources */,
				7D16773923C14CD9006F665A /* Main.storyboard in Resources */,
			);
			runOnlyForDeploymentPostprocessing = 0;
		};
		7D5BD8E523CBC9FE0047AEE9 /* Resources */ = {
			isa = PBXResourcesBuildPhase;
			buildActionMask = 2147483647;
			files = (
				7D5BD8F223CBCC880047AEE9 /* ResponseById.json in Resources */,
			);
			runOnlyForDeploymentPostprocessing = 0;
		};
/* End PBXResourcesBuildPhase section */

/* Begin PBXShellScriptBuildPhase section */
		5AD3D333BC64F14D65D4A5FA /* [CP] Embed Pods Frameworks */ = {
			isa = PBXShellScriptBuildPhase;
			buildActionMask = 2147483647;
			files = (
			);
			inputFileListPaths = (
				"${PODS_ROOT}/Target Support Files/Pods-MeLiApp/Pods-MeLiApp-frameworks-${CONFIGURATION}-input-files.xcfilelist",
			);
			name = "[CP] Embed Pods Frameworks";
			outputFileListPaths = (
				"${PODS_ROOT}/Target Support Files/Pods-MeLiApp/Pods-MeLiApp-frameworks-${CONFIGURATION}-output-files.xcfilelist",
			);
			runOnlyForDeploymentPostprocessing = 0;
			shellPath = /bin/sh;
			shellScript = "\"${PODS_ROOT}/Target Support Files/Pods-MeLiApp/Pods-MeLiApp-frameworks.sh\"\n";
			showEnvVarsInLog = 0;
		};
		AD148AD568967F0901D68B66 /* [CP] Check Pods Manifest.lock */ = {
			isa = PBXShellScriptBuildPhase;
			buildActionMask = 2147483647;
			files = (
			);
			inputFileListPaths = (
			);
			inputPaths = (
				"${PODS_PODFILE_DIR_PATH}/Podfile.lock",
				"${PODS_ROOT}/Manifest.lock",
			);
			name = "[CP] Check Pods Manifest.lock";
			outputFileListPaths = (
			);
			outputPaths = (
				"$(DERIVED_FILE_DIR)/Pods-MeLiApp-checkManifestLockResult.txt",
			);
			runOnlyForDeploymentPostprocessing = 0;
			shellPath = /bin/sh;
			shellScript = "diff \"${PODS_PODFILE_DIR_PATH}/Podfile.lock\" \"${PODS_ROOT}/Manifest.lock\" > /dev/null\nif [ $? != 0 ] ; then\n    # print error to STDERR\n    echo \"error: The sandbox is not in sync with the Podfile.lock. Run 'pod install' or update your CocoaPods installation.\" >&2\n    exit 1\nfi\n# This output is used by Xcode 'outputs' to avoid re-running this script phase.\necho \"SUCCESS\" > \"${SCRIPT_OUTPUT_FILE_0}\"\n";
			showEnvVarsInLog = 0;
		};
/* End PBXShellScriptBuildPhase section */

/* Begin PBXSourcesBuildPhase section */
		7D16772C23C14CD9006F665A /* Sources */ = {
			isa = PBXSourcesBuildPhase;
			buildActionMask = 2147483647;
			files = (
				7D8E4EA923CA3E1800E0BD57 /* DetailCollectionViewCell.swift in Sources */,
				7D9F071923C2319E00DFDF56 /* ItemModel.swift in Sources */,
				7D16774A23C152A9006F665A /* NetworkManager.swift in Sources */,
				7D9F071B23C2454D00DFDF56 /* ResultTableViewCell.swift in Sources */,
				7D9F071723C22E7C00DFDF56 /* ResultViewModel.swift in Sources */,
				7D68BA2F23C7F89F001D97E9 /* DetailViewModel.swift in Sources */,
				7D16773623C14CD9006F665A /* SearchViewController.swift in Sources */,
				7D68BA3123C7F94C001D97E9 /* DetailModel.swift in Sources */,
				7D16773423C14CD9006F665A /* AppDelegate.swift in Sources */,
				7D9F071523C22CF500DFDF56 /* ResultsViewController.swift in Sources */,
				7D5BD8F623CBD72B0047AEE9 /* ViewModelProtocols.swift in Sources */,
				7D8E4EAB23CA7D9300E0BD57 /* DescriptionModel.swift in Sources */,
				7D74A61523C40B9A0079C37A /* DetailViewController.swift in Sources */,
			);
			runOnlyForDeploymentPostprocessing = 0;
		};
		7D5BD8E323CBC9FE0047AEE9 /* Sources */ = {
			isa = PBXSourcesBuildPhase;
			buildActionMask = 2147483647;
			files = (
				7D5BD8F823CBD9710047AEE9 /* MockNetworkRequest.swift in Sources */,
				7D5BD8EA23CBC9FE0047AEE9 /* MeLiAppTests.swift in Sources */,
			);
			runOnlyForDeploymentPostprocessing = 0;
		};
/* End PBXSourcesBuildPhase section */

/* Begin PBXTargetDependency section */
		7D5BD8ED23CBC9FE0047AEE9 /* PBXTargetDependency */ = {
			isa = PBXTargetDependency;
			target = 7D16772F23C14CD9006F665A /* MeLiApp */;
			targetProxy = 7D5BD8EC23CBC9FE0047AEE9 /* PBXContainerItemProxy */;
		};
/* End PBXTargetDependency section */

/* Begin PBXVariantGroup section */
		7D16773723C14CD9006F665A /* Main.storyboard */ = {
			isa = PBXVariantGroup;
			children = (
				7D16773823C14CD9006F665A /* Base */,
			);
			name = Main.storyboard;
			sourceTree = "<group>";
		};
		7D16773C23C14CDA006F665A /* LaunchScreen.storyboard */ = {
			isa = PBXVariantGroup;
			children = (
				7D16773D23C14CDA006F665A /* Base */,
			);
			name = LaunchScreen.storyboard;
			sourceTree = "<group>";
		};
/* End PBXVariantGroup section */

/* Begin XCBuildConfiguration section */
		7D16774023C14CDA006F665A /* Debug */ = {
			isa = XCBuildConfiguration;
			buildSettings = {
				ALWAYS_SEARCH_USER_PATHS = NO;
				CLANG_ANALYZER_NONNULL = YES;
				CLANG_ANALYZER_NUMBER_OBJECT_CONVERSION = YES_AGGRESSIVE;
				CLANG_CXX_LANGUAGE_STANDARD = "gnu++14";
				CLANG_CXX_LIBRARY = "libc++";
				CLANG_ENABLE_MODULES = YES;
				CLANG_ENABLE_OBJC_ARC = YES;
				CLANG_ENABLE_OBJC_WEAK = YES;
				CLANG_WARN_BLOCK_CAPTURE_AUTORELEASING = YES;
				CLANG_WARN_BOOL_CONVERSION = YES;
				CLANG_WARN_COMMA = YES;
				CLANG_WARN_CONSTANT_CONVERSION = YES;
				CLANG_WARN_DEPRECATED_OBJC_IMPLEMENTATIONS = YES;
				CLANG_WARN_DIRECT_OBJC_ISA_USAGE = YES_ERROR;
				CLANG_WARN_DOCUMENTATION_COMMENTS = YES;
				CLANG_WARN_EMPTY_BODY = YES;
				CLANG_WARN_ENUM_CONVERSION = YES;
				CLANG_WARN_INFINITE_RECURSION = YES;
				CLANG_WARN_INT_CONVERSION = YES;
				CLANG_WARN_NON_LITERAL_NULL_CONVERSION = YES;
				CLANG_WARN_OBJC_IMPLICIT_RETAIN_SELF = YES;
				CLANG_WARN_OBJC_LITERAL_CONVERSION = YES;
				CLANG_WARN_OBJC_ROOT_CLASS = YES_ERROR;
				CLANG_WARN_RANGE_LOOP_ANALYSIS = YES;
				CLANG_WARN_STRICT_PROTOTYPES = YES;
				CLANG_WARN_SUSPICIOUS_MOVE = YES;
				CLANG_WARN_UNGUARDED_AVAILABILITY = YES_AGGRESSIVE;
				CLANG_WARN_UNREACHABLE_CODE = YES;
				CLANG_WARN__DUPLICATE_METHOD_MATCH = YES;
				CODE_SIGN_IDENTITY = "iPhone Developer";
				COPY_PHASE_STRIP = NO;
				DEBUG_INFORMATION_FORMAT = dwarf;
				ENABLE_STRICT_OBJC_MSGSEND = YES;
				ENABLE_TESTABILITY = YES;
				GCC_C_LANGUAGE_STANDARD = gnu11;
				GCC_DYNAMIC_NO_PIC = NO;
				GCC_NO_COMMON_BLOCKS = YES;
				GCC_OPTIMIZATION_LEVEL = 0;
				GCC_PREPROCESSOR_DEFINITIONS = (
					"DEBUG=1",
					"$(inherited)",
				);
				GCC_WARN_64_TO_32_BIT_CONVERSION = YES;
				GCC_WARN_ABOUT_RETURN_TYPE = YES_ERROR;
				GCC_WARN_UNDECLARED_SELECTOR = YES;
				GCC_WARN_UNINITIALIZED_AUTOS = YES_AGGRESSIVE;
				GCC_WARN_UNUSED_FUNCTION = YES;
				GCC_WARN_UNUSED_VARIABLE = YES;
				IPHONEOS_DEPLOYMENT_TARGET = 12.2;
				MTL_ENABLE_DEBUG_INFO = INCLUDE_SOURCE;
				MTL_FAST_MATH = YES;
				ONLY_ACTIVE_ARCH = YES;
				SDKROOT = iphoneos;
				SWIFT_ACTIVE_COMPILATION_CONDITIONS = DEBUG;
				SWIFT_OPTIMIZATION_LEVEL = "-Onone";
			};
			name = Debug;
		};
		7D16774123C14CDA006F665A /* Release */ = {
			isa = XCBuildConfiguration;
			buildSettings = {
				ALWAYS_SEARCH_USER_PATHS = NO;
				CLANG_ANALYZER_NONNULL = YES;
				CLANG_ANALYZER_NUMBER_OBJECT_CONVERSION = YES_AGGRESSIVE;
				CLANG_CXX_LANGUAGE_STANDARD = "gnu++14";
				CLANG_CXX_LIBRARY = "libc++";
				CLANG_ENABLE_MODULES = YES;
				CLANG_ENABLE_OBJC_ARC = YES;
				CLANG_ENABLE_OBJC_WEAK = YES;
				CLANG_WARN_BLOCK_CAPTURE_AUTORELEASING = YES;
				CLANG_WARN_BOOL_CONVERSION = YES;
				CLANG_WARN_COMMA = YES;
				CLANG_WARN_CONSTANT_CONVERSION = YES;
				CLANG_WARN_DEPRECATED_OBJC_IMPLEMENTATIONS = YES;
				CLANG_WARN_DIRECT_OBJC_ISA_USAGE = YES_ERROR;
				CLANG_WARN_DOCUMENTATION_COMMENTS = YES;
				CLANG_WARN_EMPTY_BODY = YES;
				CLANG_WARN_ENUM_CONVERSION = YES;
				CLANG_WARN_INFINITE_RECURSION = YES;
				CLANG_WARN_INT_CONVERSION = YES;
				CLANG_WARN_NON_LITERAL_NULL_CONVERSION = YES;
				CLANG_WARN_OBJC_IMPLICIT_RETAIN_SELF = YES;
				CLANG_WARN_OBJC_LITERAL_CONVERSION = YES;
				CLANG_WARN_OBJC_ROOT_CLASS = YES_ERROR;
				CLANG_WARN_RANGE_LOOP_ANALYSIS = YES;
				CLANG_WARN_STRICT_PROTOTYPES = YES;
				CLANG_WARN_SUSPICIOUS_MOVE = YES;
				CLANG_WARN_UNGUARDED_AVAILABILITY = YES_AGGRESSIVE;
				CLANG_WARN_UNREACHABLE_CODE = YES;
				CLANG_WARN__DUPLICATE_METHOD_MATCH = YES;
				CODE_SIGN_IDENTITY = "iPhone Developer";
				COPY_PHASE_STRIP = NO;
				DEBUG_INFORMATION_FORMAT = "dwarf-with-dsym";
				ENABLE_NS_ASSERTIONS = NO;
				ENABLE_STRICT_OBJC_MSGSEND = YES;
				GCC_C_LANGUAGE_STANDARD = gnu11;
				GCC_NO_COMMON_BLOCKS = YES;
				GCC_WARN_64_TO_32_BIT_CONVERSION = YES;
				GCC_WARN_ABOUT_RETURN_TYPE = YES_ERROR;
				GCC_WARN_UNDECLARED_SELECTOR = YES;
				GCC_WARN_UNINITIALIZED_AUTOS = YES_AGGRESSIVE;
				GCC_WARN_UNUSED_FUNCTION = YES;
				GCC_WARN_UNUSED_VARIABLE = YES;
				IPHONEOS_DEPLOYMENT_TARGET = 12.2;
				MTL_ENABLE_DEBUG_INFO = NO;
				MTL_FAST_MATH = YES;
				SDKROOT = iphoneos;
				SWIFT_COMPILATION_MODE = wholemodule;
				SWIFT_OPTIMIZATION_LEVEL = "-O";
				VALIDATE_PRODUCT = YES;
			};
			name = Release;
		};
		7D16774323C14CDA006F665A /* Debug */ = {
			isa = XCBuildConfiguration;
			baseConfigurationReference = B0C8D11EB15244459A74E511 /* Pods-MeLiApp.debug.xcconfig */;
			buildSettings = {
				ASSETCATALOG_COMPILER_APPICON_NAME = AppIcon;
				CODE_SIGN_STYLE = Automatic;
				INFOPLIST_FILE = MeLiApp/Info.plist;
				LD_RUNPATH_SEARCH_PATHS = (
					"$(inherited)",
					"@executable_path/Frameworks",
				);
				PRODUCT_BUNDLE_IDENTIFIER = com.MauroWorobiej.MeLiApp;
				PRODUCT_NAME = "$(TARGET_NAME)";
				SWIFT_VERSION = 5.0;
				TARGETED_DEVICE_FAMILY = "1,2";
			};
			name = Debug;
		};
		7D16774423C14CDA006F665A /* Release */ = {
			isa = XCBuildConfiguration;
			baseConfigurationReference = 9CF140F86C6B92B8CEA0F60F /* Pods-MeLiApp.release.xcconfig */;
			buildSettings = {
				ASSETCATALOG_COMPILER_APPICON_NAME = AppIcon;
				CODE_SIGN_STYLE = Automatic;
				INFOPLIST_FILE = MeLiApp/Info.plist;
				LD_RUNPATH_SEARCH_PATHS = (
					"$(inherited)",
					"@executable_path/Frameworks",
				);
				PRODUCT_BUNDLE_IDENTIFIER = com.MauroWorobiej.MeLiApp;
				PRODUCT_NAME = "$(TARGET_NAME)";
				SWIFT_VERSION = 5.0;
				TARGETED_DEVICE_FAMILY = "1,2";
			};
			name = Release;
		};
		7D5BD8EE23CBC9FE0047AEE9 /* Debug */ = {
			isa = XCBuildConfiguration;
			buildSettings = {
				BUNDLE_LOADER = "$(TEST_HOST)";
				CODE_SIGN_STYLE = Automatic;
				INFOPLIST_FILE = MeLiAppTests/Info.plist;
				LD_RUNPATH_SEARCH_PATHS = (
					"$(inherited)",
					"@executable_path/Frameworks",
					"@loader_path/Frameworks",
				);
				PRODUCT_BUNDLE_IDENTIFIER = com.MauroWorobiej.MeLiAppTests;
				PRODUCT_NAME = "$(TARGET_NAME)";
				SWIFT_VERSION = 5.0;
				TARGETED_DEVICE_FAMILY = "1,2";
				TEST_HOST = "$(BUILT_PRODUCTS_DIR)/MeLiApp.app/MeLiApp";
			};
			name = Debug;
		};
		7D5BD8EF23CBC9FE0047AEE9 /* Release */ = {
			isa = XCBuildConfiguration;
			buildSettings = {
				BUNDLE_LOADER = "$(TEST_HOST)";
				CODE_SIGN_STYLE = Automatic;
				INFOPLIST_FILE = MeLiAppTests/Info.plist;
				LD_RUNPATH_SEARCH_PATHS = (
					"$(inherited)",
					"@executable_path/Frameworks",
					"@loader_path/Frameworks",
				);
				PRODUCT_BUNDLE_IDENTIFIER = com.MauroWorobiej.MeLiAppTests;
				PRODUCT_NAME = "$(TARGET_NAME)";
				SWIFT_VERSION = 5.0;
				TARGETED_DEVICE_FAMILY = "1,2";
				TEST_HOST = "$(BUILT_PRODUCTS_DIR)/MeLiApp.app/MeLiApp";
			};
			name = Release;
		};
/* End XCBuildConfiguration section */

/* Begin XCConfigurationList section */
		7D16772B23C14CD9006F665A /* Build configuration list for PBXProject "MeLiApp" */ = {
			isa = XCConfigurationList;
			buildConfigurations = (
				7D16774023C14CDA006F665A /* Debug */,
				7D16774123C14CDA006F665A /* Release */,
			);
			defaultConfigurationIsVisible = 0;
			defaultConfigurationName = Release;
		};
		7D16774223C14CDA006F665A /* Build configuration list for PBXNativeTarget "MeLiApp" */ = {
			isa = XCConfigurationList;
			buildConfigurations = (
				7D16774323C14CDA006F665A /* Debug */,
				7D16774423C14CDA006F665A /* Release */,
			);
			defaultConfigurationIsVisible = 0;
			defaultConfigurationName = Release;
		};
		7D5BD8F023CBC9FE0047AEE9 /* Build configuration list for PBXNativeTarget "MeLiAppTests" */ = {
			isa = XCConfigurationList;
			buildConfigurations = (
				7D5BD8EE23CBC9FE0047AEE9 /* Debug */,
				7D5BD8EF23CBC9FE0047AEE9 /* Release */,
			);
			defaultConfigurationIsVisible = 0;
			defaultConfigurationName = Release;
		};
/* End XCConfigurationList section */
	};
	rootObject = 7D16772823C14CD9006F665A /* Project object */;
}
